%% THIS FILE IS GENERATED. DO NOT EDIT IT MANUALLY %%

{erl_opts,[{platform_define,"^[0-9]+",namespaced_dicts},
           warn_export_vars,warn_shadow_vars,warn_obsolete_guard,
           warn_unused_import,warnings_as_errors,fail_on_warning,debug_info]}.
{deps,[{edown,".*",
              {git,"git://github.com/seth/edown.git",
                   "30a9f7867d615af45783235faa52742d11a9348e"}},
       {rebar_lock_deps_plugin,".*",
                               {git,"git://github.com/seth/rebar_lock_deps_plugin.git",
                                    "9711549b8a84b065eb2edc22f8eb6ff85e3c94e8"}},
       {meck,".*",
             {git,"https://github.com/eproxus/meck.git",
                  "fd1c79361d4a5fa16774c8b378dd89104d3dfaa5"}},
       {goldrush,".*",
                 {git,"git://github.com/DeadZen/goldrush.git",
                      "71e63212f12c25827e0c1b4198d37d5d018a7fec"}},
       {lager,".*",
              {git,"https://github.com/basho/lager.git",
                   "b6b6cebcb27ccff8acc59ae775acebc2f52e4926"}},
       {jsx,".*",
            {git,"https://github.com/talentdeficit/jsx.git",
                 "4d549dd8a990e282c3d57c5f73213674c05ebf07"}},
       {idna,".*",
             {git,"https://github.com/benoitc/erlang-idna",
                  "5089240e653ce254273da9cff57952a60b1d2c51"}},
       {ssl_verify_hostname,".*",
                            {git,"https://github.com/benoitc/ssl_verify_hostname",
                                 "3e7179789603057e3ec1867802c74c7bf6f8528a"}},
       {hackney,".*",
                {git,"https://github.com/benoitc/hackney",
                     "384a30b28a2db6ae645d9eba09e2884830044e53"}}]}.
{dev_only_deps,[{meck,"0.8.2",
                      {git,"https://github.com/eproxus/meck.git",
                           {branch,"master"}}}]}.
{eunit_opts,[verbose,{report,{eunit_surefire,[{dir,"."}]}}]}.
{cover_enabled,true}.
{cover_export_enabled,true}.
{ct_dir,"ct"}.
{ct_log_dir,"ct/logs"}.
{clean_files,[".eunit","ebin/*.beam","test/*.beam"]}.

